
Microsoft Visual Studio Solution File, Format Version 12.00
# Visual Studio Version 17
VisualStudioVersion = 17.7.34024.191
MinimumVisualStudioVersion = 10.0.40219.1
Project("{9A19103F-16F7-4668-BE54-9A1E7A4F7556}") = "ExportViewer.GUI", "ExportViewer.GUI\ExportViewer.GUI.csproj", "{1FFAA4BC-983F-4E30-A773-3E109C4D480D}"
EndProject
Project("{2150E333-8FDC-42A3-9474-1A3956D46DE8}") = "Solution Items", "Solution Items", "{A1468834-7141-4E8D-B98B-CA5627F70B69}"
	ProjectSection(SolutionItems) = preProject
		.editorconfig = .editorconfig
		.github\workflows\CD.yml = .github\workflows\CD.yml
		.github\workflows\CI.yml = .github\workflows\CI.yml
		.github\workflows\codeql.yml = .github\workflows\codeql.yml
		.github\dependabot.yml = .github\dependabot.yml
	EndProjectSection
EndProject
Global
	GlobalSection(SolutionConfigurationPlatforms) = preSolution
		Debug|Any CPU = Debug|Any CPU
		Release|Any CPU = Release|Any CPU
	EndGlobalSection
	GlobalSection(ProjectConfigurationPlatforms) = postSolution
		{1FFAA4BC-983F-4E30-A773-3E109C4D480D}.Debug|Any CPU.ActiveCfg = Debug|Any CPU
		{1FFAA4BC-983F-4E30-A773-3E109C4D480D}.Debug|Any CPU.Build.0 = Debug|Any CPU
		{1FFAA4BC-983F-4E30-A773-3E109C4D480D}.Release|Any CPU.ActiveCfg = Release|Any CPU
		{1FFAA4BC-983F-4E30-A773-3E109C4D480D}.Release|Any CPU.Build.0 = Release|Any CPU
	EndGlobalSection
	GlobalSection(SolutionProperties) = preSolution
		HideSolutionNode = FALSE
	EndGlobalSection
	GlobalSection(ExtensibilityGlobals) = postSolution
		SolutionGuid = {93C9EB04-8BF1-47C2-ABB5-EF02B3F4867B}
	EndGlobalSection
EndGlobal
